{
  "version": 4,
  "terraform_version": "1.5.4",
  "serial": 33,
  "lineage": "6bb15ad5-871a-c99c-0f3f-d06fe6346420",
  "outputs": {},
  "resources": [
    {
      "mode": "managed",
      "type": "google_artifact_registry_repository",
      "name": "airport-container-registry",
      "provider": "provider[\"registry.terraform.io/hashicorp/google\"]",
      "instances": [
        {
          "schema_version": 0,
          "attributes": {
            "create_time": "2023-07-29T18:12:55.682238Z",
            "description": "",
            "docker_config": [],
            "format": "DOCKER",
            "id": "projects/streaming-flights-brisbane/locations/australia-southeast1/repositories/brisbane-airport-docker",
            "kms_key_name": "",
            "labels": {},
            "location": "australia-southeast1",
            "maven_config": [],
            "mode": "STANDARD_REPOSITORY",
            "name": "brisbane-airport-docker",
            "project": "streaming-flights-brisbane",
            "remote_repository_config": [],
            "repository_id": "brisbane-airport-docker",
            "timeouts": null,
            "update_time": "2023-07-29T18:12:55.682238Z",
            "virtual_repository_config": []
          },
          "sensitive_attributes": [],
          "private": "eyJlMmJmYjczMC1lY2FhLTExZTYtOGY4OC0zNDM2M2JjN2M0YzAiOnsiY3JlYXRlIjoxMjAwMDAwMDAwMDAwLCJkZWxldGUiOjEyMDAwMDAwMDAwMDAsInVwZGF0ZSI6MTIwMDAwMDAwMDAwMH19"
        }
      ]
    },
    {
      "mode": "managed",
      "type": "google_bigquery_dataset",
      "name": "brisbane-airport",
      "provider": "provider[\"registry.terraform.io/hashicorp/google\"]",
      "instances": [
        {
          "schema_version": 0,
          "attributes": {
            "access": [
              {
                "dataset": [],
                "domain": "",
                "group_by_email": "",
                "role": "OWNER",
                "routine": [],
                "special_group": "",
                "user_by_email": "usama.bt94@gmail.com",
                "view": []
              },
              {
                "dataset": [],
                "domain": "",
                "group_by_email": "",
                "role": "OWNER",
                "routine": [],
                "special_group": "projectOwners",
                "user_by_email": "",
                "view": []
              },
              {
                "dataset": [],
                "domain": "",
                "group_by_email": "",
                "role": "READER",
                "routine": [],
                "special_group": "projectReaders",
                "user_by_email": "",
                "view": []
              },
              {
                "dataset": [],
                "domain": "",
                "group_by_email": "",
                "role": "WRITER",
                "routine": [],
                "special_group": "projectWriters",
                "user_by_email": "",
                "view": []
              }
            ],
            "creation_time": 1690669881117,
            "dataset_id": "brisbaneairport",
            "default_collation": "",
            "default_encryption_configuration": [],
            "default_partition_expiration_ms": 0,
            "default_table_expiration_ms": 3600000,
            "delete_contents_on_destroy": false,
            "description": "This is a brisbane-airport dataset having list of daily incoming flights",
            "etag": "pLrqDwP8RmJu05icHHBr8g==",
            "friendly_name": "brisbane-airport",
            "id": "projects/streaming-flights-brisbane/datasets/brisbaneairport",
            "is_case_insensitive": false,
            "labels": {},
            "last_modified_time": 1690669881117,
            "location": "australia-southeast1",
            "max_time_travel_hours": "",
            "project": "streaming-flights-brisbane",
            "self_link": "https://bigquery.googleapis.com/bigquery/v2/projects/streaming-flights-brisbane/datasets/brisbaneairport",
            "storage_billing_model": "",
            "timeouts": null
          },
          "sensitive_attributes": [],
          "private": "eyJlMmJmYjczMC1lY2FhLTExZTYtOGY4OC0zNDM2M2JjN2M0YzAiOnsiY3JlYXRlIjoxMjAwMDAwMDAwMDAwLCJkZWxldGUiOjEyMDAwMDAwMDAwMDAsInVwZGF0ZSI6MTIwMDAwMDAwMDAwMH19"
        }
      ]
    },
    {
      "mode": "managed",
      "type": "google_bigquery_table",
      "name": "flights",
      "provider": "provider[\"registry.terraform.io/hashicorp/google\"]",
      "instances": [
        {
          "schema_version": 0,
          "attributes": {
            "clustering": null,
            "creation_time": 1690713227749,
            "dataset_id": "brisbaneairport",
            "deletion_protection": true,
            "description": "",
            "encryption_configuration": [],
            "etag": "to0wkC4jn4JB7CwLUjFTsQ==",
            "expiration_time": 1690716827749,
            "external_data_configuration": [],
            "friendly_name": "",
            "id": "projects/streaming-flights-brisbane/datasets/brisbaneairport/tables/flights",
            "labels": {},
            "last_modified_time": 1690713227749,
            "location": "australia-southeast1",
            "materialized_view": [],
            "num_bytes": 36223,
            "num_long_term_bytes": 0,
            "num_rows": 60,
            "project": "streaming-flights-brisbane",
            "range_partitioning": [],
            "schema": "[{\"mode\":\"NULLABLE\",\"name\":\"status_type\",\"type\":\"STRING\"},{\"mode\":\"NULLABLE\",\"name\":\"ident\",\"type\":\"STRING\"},{\"mode\":\"NULLABLE\",\"name\":\"ident_icao\",\"type\":\"STRING\"},{\"mode\":\"NULLABLE\",\"name\":\"ident_iata\",\"type\":\"STRING\"},{\"mode\":\"NULLABLE\",\"name\":\"fa_flight_id\",\"type\":\"STRING\"},{\"mode\":\"NULLABLE\",\"name\":\"operator\",\"type\":\"STRING\"},{\"mode\":\"NULLABLE\",\"name\":\"operator_icao\",\"type\":\"STRING\"},{\"mode\":\"NULLABLE\",\"name\":\"operator_iata\",\"type\":\"STRING\"},{\"mode\":\"NULLABLE\",\"name\":\"flight_number\",\"type\":\"STRING\"},{\"mode\":\"NULLABLE\",\"name\":\"registration\",\"type\":\"STRING\"},{\"mode\":\"NULLABLE\",\"name\":\"atc_ident\",\"type\":\"INTEGER\"},{\"mode\":\"NULLABLE\",\"name\":\"inbound_fa_flight_id\",\"type\":\"STRING\"},{\"fields\":[{\"fields\":[{\"mode\":\"NULLABLE\",\"name\":\"item\",\"type\":\"STRING\"}],\"mode\":\"REPEATED\",\"name\":\"list\",\"type\":\"RECORD\"}],\"mode\":\"NULLABLE\",\"name\":\"codeshares\",\"type\":\"RECORD\"},{\"fields\":[{\"fields\":[{\"mode\":\"NULLABLE\",\"name\":\"item\",\"type\":\"STRING\"}],\"mode\":\"REPEATED\",\"name\":\"list\",\"type\":\"RECORD\"}],\"mode\":\"NULLABLE\",\"name\":\"codeshares_iata\",\"type\":\"RECORD\"},{\"mode\":\"NULLABLE\",\"name\":\"blocked\",\"type\":\"BOOLEAN\"},{\"mode\":\"NULLABLE\",\"name\":\"diverted\",\"type\":\"BOOLEAN\"},{\"mode\":\"NULLABLE\",\"name\":\"cancelled\",\"type\":\"BOOLEAN\"},{\"mode\":\"NULLABLE\",\"name\":\"position_only\",\"type\":\"BOOLEAN\"},{\"mode\":\"NULLABLE\",\"name\":\"departure_delay\",\"type\":\"FLOAT\"},{\"mode\":\"NULLABLE\",\"name\":\"arrival_delay\",\"type\":\"FLOAT\"},{\"mode\":\"NULLABLE\",\"name\":\"filed_ete\",\"type\":\"FLOAT\"},{\"mode\":\"NULLABLE\",\"name\":\"scheduled_out\",\"type\":\"STRING\"},{\"mode\":\"NULLABLE\",\"name\":\"estimated_out\",\"type\":\"STRING\"},{\"mode\":\"NULLABLE\",\"name\":\"actual_out\",\"type\":\"INTEGER\"},{\"mode\":\"NULLABLE\",\"name\":\"scheduled_off\",\"type\":\"STRING\"},{\"mode\":\"NULLABLE\",\"name\":\"estimated_off\",\"type\":\"STRING\"},{\"mode\":\"NULLABLE\",\"name\":\"actual_off\",\"type\":\"INTEGER\"},{\"mode\":\"NULLABLE\",\"name\":\"scheduled_on\",\"type\":\"STRING\"},{\"mode\":\"NULLABLE\",\"name\":\"estimated_on\",\"type\":\"STRING\"},{\"mode\":\"NULLABLE\",\"name\":\"actual_on\",\"type\":\"INTEGER\"},{\"mode\":\"NULLABLE\",\"name\":\"scheduled_in\",\"type\":\"STRING\"},{\"mode\":\"NULLABLE\",\"name\":\"estimated_in\",\"type\":\"STRING\"},{\"mode\":\"NULLABLE\",\"name\":\"actual_in\",\"type\":\"INTEGER\"},{\"mode\":\"NULLABLE\",\"name\":\"progress_percent\",\"type\":\"FLOAT\"},{\"mode\":\"NULLABLE\",\"name\":\"status\",\"type\":\"STRING\"},{\"mode\":\"NULLABLE\",\"name\":\"aircraft_type\",\"type\":\"STRING\"},{\"mode\":\"NULLABLE\",\"name\":\"route_distance\",\"type\":\"FLOAT\"},{\"mode\":\"NULLABLE\",\"name\":\"filed_airspeed\",\"type\":\"FLOAT\"},{\"mode\":\"NULLABLE\",\"name\":\"filed_altitude\",\"type\":\"INTEGER\"},{\"mode\":\"NULLABLE\",\"name\":\"route\",\"type\":\"INTEGER\"},{\"mode\":\"NULLABLE\",\"name\":\"baggage_claim\",\"type\":\"STRING\"},{\"mode\":\"NULLABLE\",\"name\":\"seats_cabin_business\",\"type\":\"FLOAT\"},{\"mode\":\"NULLABLE\",\"name\":\"seats_cabin_coach\",\"type\":\"FLOAT\"},{\"mode\":\"NULLABLE\",\"name\":\"seats_cabin_first\",\"type\":\"FLOAT\"},{\"mode\":\"NULLABLE\",\"name\":\"gate_origin\",\"type\":\"STRING\"},{\"mode\":\"NULLABLE\",\"name\":\"gate_destination\",\"type\":\"STRING\"},{\"mode\":\"NULLABLE\",\"name\":\"terminal_origin\",\"type\":\"STRING\"},{\"mode\":\"NULLABLE\",\"name\":\"terminal_destination\",\"type\":\"STRING\"},{\"mode\":\"NULLABLE\",\"name\":\"type\",\"type\":\"STRING\"},{\"mode\":\"NULLABLE\",\"name\":\"origin_code\",\"type\":\"STRING\"},{\"mode\":\"NULLABLE\",\"name\":\"origin_code_icao\",\"type\":\"STRING\"},{\"mode\":\"NULLABLE\",\"name\":\"origin_code_iata\",\"type\":\"STRING\"},{\"mode\":\"NULLABLE\",\"name\":\"origin_code_lid\",\"type\":\"INTEGER\"},{\"mode\":\"NULLABLE\",\"name\":\"origin_timezone\",\"type\":\"STRING\"},{\"mode\":\"NULLABLE\",\"name\":\"origin_name\",\"type\":\"STRING\"},{\"mode\":\"NULLABLE\",\"name\":\"origin_city\",\"type\":\"STRING\"},{\"mode\":\"NULLABLE\",\"name\":\"origin_airport_info_url\",\"type\":\"STRING\"},{\"mode\":\"NULLABLE\",\"name\":\"destination_code\",\"type\":\"STRING\"},{\"mode\":\"NULLABLE\",\"name\":\"destination_code_icao\",\"type\":\"STRING\"},{\"mode\":\"NULLABLE\",\"name\":\"destination_code_iata\",\"type\":\"STRING\"},{\"mode\":\"NULLABLE\",\"name\":\"destination_code_lid\",\"type\":\"INTEGER\"},{\"mode\":\"NULLABLE\",\"name\":\"destination_timezone\",\"type\":\"STRING\"},{\"mode\":\"NULLABLE\",\"name\":\"destination_name\",\"type\":\"STRING\"},{\"mode\":\"NULLABLE\",\"name\":\"destination_city\",\"type\":\"STRING\"},{\"mode\":\"NULLABLE\",\"name\":\"destination_airport_info_url\",\"type\":\"STRING\"},{\"mode\":\"NULLABLE\",\"name\":\"date\",\"type\":\"TIMESTAMP\"},{\"mode\":\"NULLABLE\",\"name\":\"__index_level_0__\",\"type\":\"INTEGER\"}]",
            "self_link": "https://bigquery.googleapis.com/bigquery/v2/projects/streaming-flights-brisbane/datasets/brisbaneairport/tables/flights",
            "table_id": "flights",
            "time_partitioning": [
              {
                "expiration_ms": 0,
                "field": "",
                "require_partition_filter": false,
                "type": "DAY"
              }
            ],
            "type": "TABLE",
            "view": []
          },
          "sensitive_attributes": [],
          "private": "bnVsbA==",
          "dependencies": [
            "google_bigquery_dataset.brisbane-airport"
          ]
        }
      ]
    },
    {
      "mode": "managed",
      "type": "google_storage_bucket",
      "name": "airport_data_lake",
      "provider": "provider[\"registry.terraform.io/hashicorp/google\"]",
      "instances": [
        {
          "schema_version": 0,
          "attributes": {
            "autoclass": [],
            "cors": [],
            "custom_placement_config": [],
            "default_event_based_hold": false,
            "encryption": [],
            "force_destroy": true,
            "id": "brisbane-airport",
            "labels": {},
            "lifecycle_rule": [],
            "location": "AUSTRALIA-SOUTHEAST1",
            "logging": [],
            "name": "brisbane-airport",
            "project": "streaming-flights-brisbane",
            "public_access_prevention": "inherited",
            "requester_pays": false,
            "retention_policy": [],
            "self_link": "https://www.googleapis.com/storage/v1/b/brisbane-airport",
            "storage_class": "STANDARD",
            "timeouts": null,
            "uniform_bucket_level_access": true,
            "url": "gs://brisbane-airport",
            "versioning": [
              {
                "enabled": true
              }
            ],
            "website": []
          },
          "sensitive_attributes": [],
          "private": "eyJlMmJmYjczMC1lY2FhLTExZTYtOGY4OC0zNDM2M2JjN2M0YzAiOnsiY3JlYXRlIjo2MDAwMDAwMDAwMDAsInJlYWQiOjI0MDAwMDAwMDAwMCwidXBkYXRlIjoyNDAwMDAwMDAwMDB9fQ=="
        }
      ]
    }
  ],
  "check_results": null
}
